
Microsoft Visual Studio Solution File, Format Version 12.00
# Visual Studio 15
VisualStudioVersion = 15.0.28307.168
MinimumVisualStudioVersion = 10.0.40219.1
Project("{FAE04EC0-301F-11D3-BF4B-00C04F79EFBC}") = "AzureDevOpsBackup", "AzureDevOpsBackup.csproj", "{4795920A-5C87-48A0-9FCF-4641D68E9CB6}"
EndProject
Global
	GlobalSection(SolutionConfigurationPlatforms) = preSolution
		Debug|Any CPU = Debug|Any CPU
		Release|Any CPU = Release|Any CPU
	EndGlobalSection
	GlobalSection(ProjectConfigurationPlatforms) = postSolution
		{4795920A-5C87-48A0-9FCF-4641D68E9CB6}.Debug|Any CPU.ActiveCfg = Debug|Any CPU
		{4795920A-5C87-48A0-9FCF-4641D68E9CB6}.Debug|Any CPU.Build.0 = Debug|Any CPU
		{4795920A-5C87-48A0-9FCF-4641D68E9CB6}.Release|Any CPU.ActiveCfg = Release|Any CPU
		{4795920A-5C87-48A0-9FCF-4641D68E9CB6}.Release|Any CPU.Build.0 = Release|Any CPU
	EndGlobalSection
	GlobalSection(SolutionProperties) = preSolution
		HideSolutionNode = FALSE
	EndGlobalSection
	GlobalSection(ExtensibilityGlobals) = postSolution
		SolutionGuid = {9B1BCB82-A647-4042-A079-E8C26AA5BEEF}
	EndGlobalSection
EndGlobal
